
Microsoft Visual Studio Solution File, Format Version 12.00
# Visual Studio Version 17
VisualStudioVersion = 17.7.34024.191
MinimumVisualStudioVersion = 10.0.40219.1
Project("{FAE04EC0-301F-11D3-BF4B-00C04F79EFBC}") = "SamoYpravlenue", "SamoYpravlenue\SamoYpravlenue.csproj", "{5A61B217-79CF-4A6A-948A-025DD7DC490C}"
EndProject
Global
	GlobalSection(SolutionConfigurationPlatforms) = preSolution
		Debug|Any CPU = Debug|Any CPU
		Release|Any CPU = Release|Any CPU
	EndGlobalSection
	GlobalSection(ProjectConfigurationPlatforms) = postSolution
		{5A61B217-79CF-4A6A-948A-025DD7DC490C}.Debug|Any CPU.ActiveCfg = Debug|Any CPU
		{5A61B217-79CF-4A6A-948A-025DD7DC490C}.Debug|Any CPU.Build.0 = Debug|Any CPU
		{5A61B217-79CF-4A6A-948A-025DD7DC490C}.Release|Any CPU.ActiveCfg = Release|Any CPU
		{5A61B217-79CF-4A6A-948A-025DD7DC490C}.Release|Any CPU.Build.0 = Release|Any CPU
	EndGlobalSection
	GlobalSection(SolutionProperties) = preSolution
		HideSolutionNode = FALSE
	EndGlobalSection
	GlobalSection(ExtensibilityGlobals) = postSolution
		SolutionGuid = {EA932CBB-D9B2-41F3-8824-EC212D80FD68}
	EndGlobalSection
EndGlobal
